
Microsoft Visual Studio Solution File, Format Version 12.00
# Visual Studio 15
VisualStudioVersion = 15.0.26124.0
MinimumVisualStudioVersion = 15.0.26124.0
Project("{FAE04EC0-301F-11D3-BF4B-00C04F79EFBC}") = "Blog.Api", "Blog.Api\Blog.Api.csproj", "{6769566E-21D5-4B0D-906E-A393EC92213D}"
EndProject
Project("{FAE04EC0-301F-11D3-BF4B-00C04F79EFBC}") = "Blog.Data", "Blog.Data\Blog.Data.csproj", "{59E2BDDB-BC73-4C44-8768-DE0FE498D90D}"
EndProject
Global
	GlobalSection(SolutionConfigurationPlatforms) = preSolution
		Debug|Any CPU = Debug|Any CPU
		Debug|x64 = Debug|x64
		Debug|x86 = Debug|x86
		Release|Any CPU = Release|Any CPU
		Release|x64 = Release|x64
		Release|x86 = Release|x86
	EndGlobalSection
	GlobalSection(SolutionProperties) = preSolution
		HideSolutionNode = FALSE
	EndGlobalSection
	GlobalSection(ProjectConfigurationPlatforms) = postSolution
		{6769566E-21D5-4B0D-906E-A393EC92213D}.Debug|Any CPU.ActiveCfg = Debug|Any CPU
		{6769566E-21D5-4B0D-906E-A393EC92213D}.Debug|Any CPU.Build.0 = Debug|Any CPU
		{6769566E-21D5-4B0D-906E-A393EC92213D}.Debug|x64.ActiveCfg = Debug|Any CPU
		{6769566E-21D5-4B0D-906E-A393EC92213D}.Debug|x64.Build.0 = Debug|Any CPU
		{6769566E-21D5-4B0D-906E-A393EC92213D}.Debug|x86.ActiveCfg = Debug|Any CPU
		{6769566E-21D5-4B0D-906E-A393EC92213D}.Debug|x86.Build.0 = Debug|Any CPU
		{6769566E-21D5-4B0D-906E-A393EC92213D}.Release|Any CPU.ActiveCfg = Release|Any CPU
		{6769566E-21D5-4B0D-906E-A393EC92213D}.Release|Any CPU.Build.0 = Release|Any CPU
		{6769566E-21D5-4B0D-906E-A393EC92213D}.Release|x64.ActiveCfg = Release|Any CPU
		{6769566E-21D5-4B0D-906E-A393EC92213D}.Release|x64.Build.0 = Release|Any CPU
		{6769566E-21D5-4B0D-906E-A393EC92213D}.Release|x86.ActiveCfg = Release|Any CPU
		{6769566E-21D5-4B0D-906E-A393EC92213D}.Release|x86.Build.0 = Release|Any CPU
		{59E2BDDB-BC73-4C44-8768-DE0FE498D90D}.Debug|Any CPU.ActiveCfg = Debug|Any CPU
		{59E2BDDB-BC73-4C44-8768-DE0FE498D90D}.Debug|Any CPU.Build.0 = Debug|Any CPU
		{59E2BDDB-BC73-4C44-8768-DE0FE498D90D}.Debug|x64.ActiveCfg = Debug|Any CPU
		{59E2BDDB-BC73-4C44-8768-DE0FE498D90D}.Debug|x64.Build.0 = Debug|Any CPU
		{59E2BDDB-BC73-4C44-8768-DE0FE498D90D}.Debug|x86.ActiveCfg = Debug|Any CPU
		{59E2BDDB-BC73-4C44-8768-DE0FE498D90D}.Debug|x86.Build.0 = Debug|Any CPU
		{59E2BDDB-BC73-4C44-8768-DE0FE498D90D}.Release|Any CPU.ActiveCfg = Release|Any CPU
		{59E2BDDB-BC73-4C44-8768-DE0FE498D90D}.Release|Any CPU.Build.0 = Release|Any CPU
		{59E2BDDB-BC73-4C44-8768-DE0FE498D90D}.Release|x64.ActiveCfg = Release|Any CPU
		{59E2BDDB-BC73-4C44-8768-DE0FE498D90D}.Release|x64.Build.0 = Release|Any CPU
		{59E2BDDB-BC73-4C44-8768-DE0FE498D90D}.Release|x86.ActiveCfg = Release|Any CPU
		{59E2BDDB-BC73-4C44-8768-DE0FE498D90D}.Release|x86.Build.0 = Release|Any CPU
	EndGlobalSection
EndGlobal
